<?xml version="1.0" encoding="utf-8"?>
<Project ToolsVersion="4.0" xmlns="http://schemas.microsoft.com/developer/msbuild/2003">
  <ItemGroup>
    <Filter Include="Quelldateien">
      <UniqueIdentifier>{4FC737F1-C7A5-4376-A066-2A32D752A2FF}</UniqueIdentifier>
      <Extensions>cpp;c;cc;cxx;c++;def;odl;idl;hpj;bat;asm;asmx</Extensions>
    </Filter>
    <Filter Include="Headerdateien">
      <UniqueIdentifier>{93995380-89BD-4b04-88EB-625FBE52EBFB}</UniqueIdentifier>
      <Extensions>h;hh;hpp;hxx;h++;hm;inl;inc;ipp;xsd</Extensions>
    </Filter>
    <Filter Include="Ressourcendateien">
      <UniqueIdentifier>{67DA6AB6-F800-4c08-8B7A-83BB121AAD01}</UniqueIdentifier>
      <Extensions>rc;ico;cur;bmp;dlg;rc2;rct;bin;rgs;gif;jpg;jpeg;jpe;resx;tiff;tif;png;wav;mfcribbon-ms</Extensions>
    </Filter>
    <Filter Include="Headerdateien\Objects">
      <UniqueIdentifier>{b51e3445-f664-495d-9dd0-835159942f46}</UniqueIdentifier>
    </Filter>
    <Filter Include="Quelldateien\Objects">
      <UniqueIdentifier>{68bc0716-18ea-4c36-8b65-c2d6c1e737b4}</UniqueIdentifier>
    </Filter>
    <Filter Include="Headerdateien\Externals">
      <UniqueIdentifier>{8a598814-1e21-4178-b8b0-da016d65d0a8}</UniqueIdentifier>
    </Filter>
    <Filter Include="Quelldateien\States">
      <UniqueIdentifier>{cc4a5149-d0a2-409b-9a6e-12934624aa77}</UniqueIdentifier>
    </Filter>
    <Filter Include="Headerdateien\States">
      <UniqueIdentifier>{c774f983-3d5d-4d82-8d25-3519f0369e3a}</UniqueIdentifier>
    </Filter>
    <Filter Include="Headerdateien\Layers">
      <UniqueIdentifier>{cf8230b1-a3f6-462f-ae41-c166d1f52ad9}</UniqueIdentifier>
    </Filter>
    <Filter Include="Quelldateien\Layers">
      <UniqueIdentifier>{8757e57e-a73b-45d5-8b20-ccc2be2f6d83}</UniqueIdentifier>
    </Filter>
    <Filter Include="Headerdateien\PMs">
      <UniqueIdentifier>{49aca983-bdb2-47d5-a2e9-f195e98e87d7}</UniqueIdentifier>
    </Filter>
    <Filter Include="Quelldateien\PMs">
      <UniqueIdentifier>{9c6349a0-15db-4a39-b7a5-a5d8414b9786}</UniqueIdentifier>
    </Filter>
    <Filter Include="Headerdateien\Events">
      <UniqueIdentifier>{b2fef2da-8ba9-4845-82c6-faebfa824019}</UniqueIdentifier>
    </Filter>
    <Filter Include="Quelldateien\Events">
      <UniqueIdentifier>{c992e6ce-5ce7-4977-b3ea-043548f0a182}</UniqueIdentifier>
    </Filter>
  </ItemGroup>
  <ItemGroup>
    <ClCompile Include="main.cpp">
      <Filter>Quelldateien</Filter>
    </ClCompile>
    <ClCompile Include="Game.cpp">
      <Filter>Quelldateien</Filter>
    </ClCompile>
    <ClCompile Include="GameObject.cpp">
      <Filter>Quelldateien\Objects</Filter>
    </ClCompile>
    <ClCompile Include="HitBox.cpp">
      <Filter>Quelldateien</Filter>
    </ClCompile>
    <ClCompile Include="State.cpp">
      <Filter>Quelldateien\States</Filter>
    </ClCompile>
    <ClCompile Include="TitleScreen.cpp">
      <Filter>Quelldateien\States</Filter>
    </ClCompile>
    <ClCompile Include="MainGame.cpp">
      <Filter>Quelldateien\States</Filter>
    </ClCompile>
    <ClCompile Include="GameTile.cpp">
      <Filter>Quelldateien\Objects</Filter>
    </ClCompile>
    <ClCompile Include="StaticGameTile.cpp">
      <Filter>Quelldateien\Objects</Filter>
    </ClCompile>
    <ClCompile Include="AnimatedGameTile.cpp">
      <Filter>Quelldateien\Objects</Filter>
    </ClCompile>
    <ClCompile Include="Button.cpp">
      <Filter>Quelldateien\Objects</Filter>
    </ClCompile>
    <ClCompile Include="Cursor.cpp">
      <Filter>Quelldateien\Objects</Filter>
    </ClCompile>
    <ClCompile Include="Layer.cpp">
      <Filter>Quelldateien\Layers</Filter>
    </ClCompile>
    <ClCompile Include="DebugLayer.cpp">
      <Filter>Quelldateien\Layers</Filter>
    </ClCompile>
    <ClCompile Include="BGLayer.cpp">
      <Filter>Quelldateien\Layers</Filter>
    </ClCompile>
    <ClCompile Include="GUILayer.cpp">
      <Filter>Quelldateien\Layers</Filter>
    </ClCompile>
    <ClCompile Include="PackingManager.cpp">
      <Filter>Quelldateien\PMs</Filter>
    </ClCompile>
    <ClCompile Include="GUILayerPM.cpp">
      <Filter>Quelldateien\PMs</Filter>
    </ClCompile>
    <ClCompile Include="LayerPM.cpp">
      <Filter>Quelldateien\PMs</Filter>
    </ClCompile>
    <ClCompile Include="BGLayerPM.cpp">
      <Filter>Quelldateien\PMs</Filter>
    </ClCompile>
    <ClCompile Include="DebugLayerPM.cpp">
      <Filter>Quelldateien\PMs</Filter>
    </ClCompile>
    <ClCompile Include="Event.cpp">
      <Filter>Quelldateien\Events</Filter>
    </ClCompile>
    <ClCompile Include="ButtonEvent.cpp">
      <Filter>Quelldateien\Events</Filter>
    </ClCompile>
    <ClCompile Include="StateChanger.cpp">
      <Filter>Quelldateien\States</Filter>
    </ClCompile>
    <ClCompile Include="ButtonType.cpp">
      <Filter>Quelldateien\Objects</Filter>
    </ClCompile>
    <ClCompile Include="DebugState.cpp">
      <Filter>Quelldateien\States</Filter>
    </ClCompile>
    <ClCompile Include="EventType.cpp">
      <Filter>Quelldateien\Events</Filter>
    </ClCompile>
    <ClCompile Include="Ellipse.cpp">
      <Filter>Quelldateien\Objects</Filter>
    </ClCompile>
    <ClCompile Include="SimplePoly.cpp">
      <Filter>Quelldateien\Objects</Filter>
    </ClCompile>
    <ClCompile Include="Overlay.cpp">
      <Filter>Quelldateien\Objects</Filter>
    </ClCompile>
    <ClCompile Include="GameLayer.cpp">
      <Filter>Quelldateien</Filter>
    </ClCompile>
    <ClCompile Include="Map.cpp">
      <Filter>Quelldateien</Filter>
    </ClCompile>
    <ClCompile Include="TileSet.cpp">
      <Filter>Quelldateien</Filter>
    </ClCompile>
  </ItemGroup>
  <ItemGroup>
    <ClInclude Include="Game.h">
      <Filter>Headerdateien</Filter>
    </ClInclude>
    <ClInclude Include="GameObject.h">
      <Filter>Headerdateien\Objects</Filter>
    </ClInclude>
    <ClInclude Include="olcPGEX_AnimatedSprite.h">
      <Filter>Headerdateien\Externals</Filter>
    </ClInclude>
    <ClInclude Include="olcPixelGameEngine.h">
      <Filter>Headerdateien\Externals</Filter>
    </ClInclude>
    <ClInclude Include="HitBox.h">
      <Filter>Headerdateien</Filter>
    </ClInclude>
    <ClInclude Include="MainGame.h">
      <Filter>Headerdateien\States</Filter>
    </ClInclude>
    <ClInclude Include="State.h">
      <Filter>Headerdateien\States</Filter>
    </ClInclude>
    <ClInclude Include="TitleScreen.h">
      <Filter>Headerdateien\States</Filter>
    </ClInclude>
    <ClInclude Include="GameTile.h">
      <Filter>Headerdateien\Objects</Filter>
    </ClInclude>
    <ClInclude Include="StaticGameTile.h">
      <Filter>Headerdateien\Objects</Filter>
    </ClInclude>
    <ClInclude Include="AnimatedGameTile.h">
      <Filter>Headerdateien\Objects</Filter>
    </ClInclude>
    <ClInclude Include="Button.h">
      <Filter>Headerdateien\Objects</Filter>
    </ClInclude>
    <ClInclude Include="Cursor.h">
      <Filter>Headerdateien\Objects</Filter>
    </ClInclude>
    <ClInclude Include="Layer.h">
      <Filter>Headerdateien\Layers</Filter>
    </ClInclude>
    <ClInclude Include="DebugLayer.h">
      <Filter>Headerdateien\Layers</Filter>
    </ClInclude>
    <ClInclude Include="BGLayer.h">
      <Filter>Headerdateien\Layers</Filter>
    </ClInclude>
    <ClInclude Include="GUILayer.h">
      <Filter>Headerdateien\Layers</Filter>
    </ClInclude>
    <ClInclude Include="PackingManager.h">
      <Filter>Headerdateien\PMs</Filter>
    </ClInclude>
    <ClInclude Include="GUILayerPM.h">
      <Filter>Headerdateien\PMs</Filter>
    </ClInclude>
    <ClInclude Include="LayerPM.h">
      <Filter>Headerdateien\PMs</Filter>
    </ClInclude>
    <ClInclude Include="BGLayerPM.h">
      <Filter>Headerdateien\PMs</Filter>
    </ClInclude>
    <ClInclude Include="Event.h">
      <Filter>Headerdateien\Events</Filter>
    </ClInclude>
    <ClInclude Include="ButtonEvent.h">
      <Filter>Headerdateien\Events</Filter>
    </ClInclude>
    <ClInclude Include="StateChanger.h">
      <Filter>Headerdateien\States</Filter>
    </ClInclude>
    <ClInclude Include="ButtonType.h">
      <Filter>Headerdateien\Objects</Filter>
    </ClInclude>
    <ClInclude Include="DebugLayerPM.h">
      <Filter>Headerdateien\PMs</Filter>
    </ClInclude>
    <ClInclude Include="DebugState.h">
      <Filter>Headerdateien\States</Filter>
    </ClInclude>
    <ClInclude Include="EventType.h">
      <Filter>Headerdateien\Events</Filter>
    </ClInclude>
    <ClInclude Include="Ellipse.h">
      <Filter>Headerdateien\Objects</Filter>
    </ClInclude>
    <ClInclude Include="SimplePoly.h">
      <Filter>Headerdateien\Objects</Filter>
    </ClInclude>
    <ClInclude Include="Overlay.h">
      <Filter>Headerdateien\Objects</Filter>
    </ClInclude>
    <ClInclude Include="GameLayer.h">
      <Filter>Headerdateien</Filter>
    </ClInclude>
    <ClInclude Include="Map.h">
      <Filter>Headerdateien</Filter>
    </ClInclude>
    <ClInclude Include="TileSet.h">
      <Filter>Headerdateien</Filter>
    </ClInclude>
    <ClInclude Include="csv.h">
      <Filter>Headerdateien\Externals</Filter>
    </ClInclude>
  </ItemGroup>
</Project>